// !$*UTF8*$!
{
	archiveVersion = 1;
	classes = {
	};
	objectVersion = 46;
	objects = {

/* Begin PBXBuildFile section */
		E762B4091A33988A00E130D7 /* AppDelegate.swift in Sources */ = {isa = PBXBuildFile; fileRef = E762B4081A33988A00E130D7 /* AppDelegate.swift */; };
		E762B40B1A33988A00E130D7 /* ViewController.swift in Sources */ = {isa = PBXBuildFile; fileRef = E762B40A1A33988A00E130D7 /* ViewController.swift */; };
		E762B40E1A33988A00E130D7 /* Main.storyboard in Resources */ = {isa = PBXBuildFile; fileRef = E762B40C1A33988A00E130D7 /* Main.storyboard */; };
		E762B4101A33988A00E130D7 /* Images.xcassets in Resources */ = {isa = PBXBuildFile; fileRef = E762B40F1A33988A00E130D7 /* Images.xcassets */; };
		E762B4131A33988A00E130D7 /* LaunchScreen.xib in Resources */ = {isa = PBXBuildFile; fileRef = E762B4111A33988A00E130D7 /* LaunchScreen.xib */; };
		E762B41F1A33988A00E130D7 /* SNPsTests.swift in Sources */ = {isa = PBXBuildFile; fileRef = E762B41E1A33988A00E130D7 /* SNPsTests.swift */; };
		E796E6C61A33D5EE008E2939 /* OAuth2Swift.swift in Sources */ = {isa = PBXBuildFile; fileRef = E796E6C51A33D5EE008E2939 /* OAuth2Swift.swift */; };
		E796E6C81A33D618008E2939 /* Constants.swift in Sources */ = {isa = PBXBuildFile; fileRef = E796E6C71A33D618008E2939 /* Constants.swift */; };
		E796E6CA1A33D643008E2939 /* OAuthSwiftClient.swift in Sources */ = {isa = PBXBuildFile; fileRef = E796E6C91A33D643008E2939 /* OAuthSwiftClient.swift */; };
		E796E6CC1A33D660008E2939 /* OAuthSwiftCredential.swift in Sources */ = {isa = PBXBuildFile; fileRef = E796E6CB1A33D660008E2939 /* OAuthSwiftCredential.swift */; };
		E796E6CE1A33D6BA008E2939 /* OAuthSwiftHTTPRequest.swift in Sources */ = {isa = PBXBuildFile; fileRef = E796E6CD1A33D6BA008E2939 /* OAuthSwiftHTTPRequest.swift */; };
		E796E6D11A33D719008E2939 /* Dictionary+OAuthSwift.swift in Sources */ = {isa = PBXBuildFile; fileRef = E796E6D01A33D719008E2939 /* Dictionary+OAuthSwift.swift */; };
		E796E6D31A33D723008E2939 /* NSURL+OAuthSwift.swift in Sources */ = {isa = PBXBuildFile; fileRef = E796E6D21A33D723008E2939 /* NSURL+OAuthSwift.swift */; };
		E796E6D51A33D72E008E2939 /* String+OAuthSwift.swift in Sources */ = {isa = PBXBuildFile; fileRef = E796E6D41A33D72E008E2939 /* String+OAuthSwift.swift */; };
		E796E6DA1A33D772008E2939 /* HMACSHA1Signature.m in Sources */ = {isa = PBXBuildFile; fileRef = E796E6D81A33D772008E2939 /* HMACSHA1Signature.m */; };
		E7A4EE2B1A36350C00895A46 /* SwiftyJSON.swift in Sources */ = {isa = PBXBuildFile; fileRef = E7A4EE2A1A36350C00895A46 /* SwiftyJSON.swift */; };
		E7A4EE2D1A36657000895A46 /* Genotypes.swift in Sources */ = {isa = PBXBuildFile; fileRef = E7A4EE2C1A36657000895A46 /* Genotypes.swift */; };
		E7A4EE2F1A366DAB00895A46 /* GeneData.swift in Sources */ = {isa = PBXBuildFile; fileRef = E7A4EE2E1A366DAB00895A46 /* GeneData.swift */; };
/* End PBXBuildFile section */

/* Begin PBXContainerItemProxy section */
		E762B4191A33988A00E130D7 /* PBXContainerItemProxy */ = {
			isa = PBXContainerItemProxy;
			containerPortal = E762B3FB1A33988A00E130D7 /* Project object */;
			proxyType = 1;
			remoteGlobalIDString = E762B4021A33988A00E130D7;
			remoteInfo = SNPs;
		};
/* End PBXContainerItemProxy section */

/* Begin PBXFileReference section */
		E762B4031A33988A00E130D7 /* SNPs.app */ = {isa = PBXFileReference; explicitFileType = wrapper.application; includeInIndex = 0; path = SNPs.app; sourceTree = BUILT_PRODUCTS_DIR; };
		E762B4071A33988A00E130D7 /* Info.plist */ = {isa = PBXFileReference; lastKnownFileType = text.plist.xml; path = Info.plist; sourceTree = "<group>"; };
		E762B4081A33988A00E130D7 /* AppDelegate.swift */ = {isa = PBXFileReference; lastKnownFileType = sourcecode.swift; path = AppDelegate.swift; sourceTree = "<group>"; };
		E762B40A1A33988A00E130D7 /* ViewController.swift */ = {isa = PBXFileReference; lastKnownFileType = sourcecode.swift; path = ViewController.swift; sourceTree = "<group>"; };
		E762B40D1A33988A00E130D7 /* Base */ = {isa = PBXFileReference; lastKnownFileType = file.storyboard; name = Base; path = Base.lproj/Main.storyboard; sourceTree = "<group>"; };
		E762B40F1A33988A00E130D7 /* Images.xcassets */ = {isa = PBXFileReference; lastKnownFileType = folder.assetcatalog; path = Images.xcassets; sourceTree = "<group>"; };
		E762B4121A33988A00E130D7 /* Base */ = {isa = PBXFileReference; lastKnownFileType = file.xib; name = Base; path = Base.lproj/LaunchScreen.xib; sourceTree = "<group>"; };
		E762B4181A33988A00E130D7 /* SNPsTests.xctest */ = {isa = PBXFileReference; explicitFileType = wrapper.cfbundle; includeInIndex = 0; path = SNPsTests.xctest; sourceTree = BUILT_PRODUCTS_DIR; };
		E762B41D1A33988A00E130D7 /* Info.plist */ = {isa = PBXFileReference; lastKnownFileType = text.plist.xml; path = Info.plist; sourceTree = "<group>"; };
		E762B41E1A33988A00E130D7 /* SNPsTests.swift */ = {isa = PBXFileReference; lastKnownFileType = sourcecode.swift; path = SNPsTests.swift; sourceTree = "<group>"; };
		E796E6C51A33D5EE008E2939 /* OAuth2Swift.swift */ = {isa = PBXFileReference; fileEncoding = 4; lastKnownFileType = sourcecode.swift; path = OAuth2Swift.swift; sourceTree = "<group>"; };
		E796E6C71A33D618008E2939 /* Constants.swift */ = {isa = PBXFileReference; fileEncoding = 4; lastKnownFileType = sourcecode.swift; path = Constants.swift; sourceTree = "<group>"; };
		E796E6C91A33D643008E2939 /* OAuthSwiftClient.swift */ = {isa = PBXFileReference; fileEncoding = 4; lastKnownFileType = sourcecode.swift; path = OAuthSwiftClient.swift; sourceTree = "<group>"; };
		E796E6CB1A33D660008E2939 /* OAuthSwiftCredential.swift */ = {isa = PBXFileReference; fileEncoding = 4; lastKnownFileType = sourcecode.swift; path = OAuthSwiftCredential.swift; sourceTree = "<group>"; };
		E796E6CD1A33D6BA008E2939 /* OAuthSwiftHTTPRequest.swift */ = {isa = PBXFileReference; fileEncoding = 4; lastKnownFileType = sourcecode.swift; path = OAuthSwiftHTTPRequest.swift; sourceTree = "<group>"; };
		E796E6D01A33D719008E2939 /* Dictionary+OAuthSwift.swift */ = {isa = PBXFileReference; fileEncoding = 4; lastKnownFileType = sourcecode.swift; path = "Dictionary+OAuthSwift.swift"; sourceTree = "<group>"; };
		E796E6D21A33D723008E2939 /* NSURL+OAuthSwift.swift */ = {isa = PBXFileReference; fileEncoding = 4; lastKnownFileType = sourcecode.swift; path = "NSURL+OAuthSwift.swift"; sourceTree = "<group>"; };
		E796E6D41A33D72E008E2939 /* String+OAuthSwift.swift */ = {isa = PBXFileReference; fileEncoding = 4; lastKnownFileType = sourcecode.swift; path = "String+OAuthSwift.swift"; sourceTree = "<group>"; };
		E796E6D61A33D772008E2939 /* SNPs-Bridging-Header.h */ = {isa = PBXFileReference; lastKnownFileType = sourcecode.c.h; path = "SNPs-Bridging-Header.h"; sourceTree = "<group>"; };
		E796E6D71A33D772008E2939 /* HMACSHA1Signature.h */ = {isa = PBXFileReference; fileEncoding = 4; lastKnownFileType = sourcecode.c.h; path = HMACSHA1Signature.h; sourceTree = "<group>"; };
		E796E6D81A33D772008E2939 /* HMACSHA1Signature.m */ = {isa = PBXFileReference; fileEncoding = 4; lastKnownFileType = sourcecode.c.objc; path = HMACSHA1Signature.m; sourceTree = "<group>"; };
		E7A4EE2A1A36350C00895A46 /* SwiftyJSON.swift */ = {isa = PBXFileReference; fileEncoding = 4; lastKnownFileType = sourcecode.swift; path = SwiftyJSON.swift; sourceTree = "<group>"; };
		E7A4EE2C1A36657000895A46 /* Genotypes.swift */ = {isa = PBXFileReference; fileEncoding = 4; lastKnownFileType = sourcecode.swift; path = Genotypes.swift; sourceTree = "<group>"; };
		E7A4EE2E1A366DAB00895A46 /* GeneData.swift */ = {isa = PBXFileReference; fileEncoding = 4; lastKnownFileType = sourcecode.swift; path = GeneData.swift; sourceTree = "<group>"; };
/* End PBXFileReference section */

/* Begin PBXFrameworksBuildPhase section */
		E762B4001A33988A00E130D7 /* Frameworks */ = {
			isa = PBXFrameworksBuildPhase;
			buildActionMask = 2147483647;
			files = (
			);
			runOnlyForDeploymentPostprocessing = 0;
		};
		E762B4151A33988A00E130D7 /* Frameworks */ = {
			isa = PBXFrameworksBuildPhase;
			buildActionMask = 2147483647;
			files = (
			);
			runOnlyForDeploymentPostprocessing = 0;
		};
/* End PBXFrameworksBuildPhase section */

/* Begin PBXGroup section */
		E762B3FA1A33988A00E130D7 = {
			isa = PBXGroup;
			children = (
				E762B4051A33988A00E130D7 /* SNPs */,
				E762B41B1A33988A00E130D7 /* SNPsTests */,
				E762B4041A33988A00E130D7 /* Products */,
			);
			sourceTree = "<group>";
		};
		E762B4041A33988A00E130D7 /* Products */ = {
			isa = PBXGroup;
			children = (
				E762B4031A33988A00E130D7 /* SNPs.app */,
				E762B4181A33988A00E130D7 /* SNPsTests.xctest */,
			);
			name = Products;
			sourceTree = "<group>";
		};
		E762B4051A33988A00E130D7 /* SNPs */ = {
			isa = PBXGroup;
			children = (
				E762B4081A33988A00E130D7 /* AppDelegate.swift */,
				E762B40A1A33988A00E130D7 /* ViewController.swift */,
				E762B40C1A33988A00E130D7 /* Main.storyboard */,
				E796E6C71A33D618008E2939 /* Constants.swift */,
				E7A4EE2C1A36657000895A46 /* Genotypes.swift */,
				E796E6C51A33D5EE008E2939 /* OAuth2Swift.swift */,
				E796E6C91A33D643008E2939 /* OAuthSwiftClient.swift */,
				E796E6CB1A33D660008E2939 /* OAuthSwiftCredential.swift */,
				E796E6CD1A33D6BA008E2939 /* OAuthSwiftHTTPRequest.swift */,
				E762B40F1A33988A00E130D7 /* Images.xcassets */,
				E762B4111A33988A00E130D7 /* LaunchScreen.xib */,
				E796E6CF1A33D6FA008E2939 /* extension */,
				E762B4061A33988A00E130D7 /* Supporting Files */,
				E796E6D61A33D772008E2939 /* SNPs-Bridging-Header.h */,
				E7A4EE2A1A36350C00895A46 /* SwiftyJSON.swift */,
				E796E6D71A33D772008E2939 /* HMACSHA1Signature.h */,
				E796E6D81A33D772008E2939 /* HMACSHA1Signature.m */,
				E7A4EE2E1A366DAB00895A46 /* GeneData.swift */,
			);
			path = SNPs;
			sourceTree = "<group>";
		};
		E762B4061A33988A00E130D7 /* Supporting Files */ = {
			isa = PBXGroup;
			children = (
				E762B4071A33988A00E130D7 /* Info.plist */,
			);
			name = "Supporting Files";
			sourceTree = "<group>";
		};
		E762B41B1A33988A00E130D7 /* SNPsTests */ = {
			isa = PBXGroup;
			children = (
				E762B41E1A33988A00E130D7 /* SNPsTests.swift */,
				E762B41C1A33988A00E130D7 /* Supporting Files */,
			);
			path = SNPsTests;
			sourceTree = "<group>";
		};
		E762B41C1A33988A00E130D7 /* Supporting Files */ = {
			isa = PBXGroup;
			children = (
				E762B41D1A33988A00E130D7 /* Info.plist */,
			);
			name = "Supporting Files";
			sourceTree = "<group>";
		};
		E796E6CF1A33D6FA008E2939 /* extension */ = {
			isa = PBXGroup;
			children = (
				E796E6D41A33D72E008E2939 /* String+OAuthSwift.swift */,
				E796E6D21A33D723008E2939 /* NSURL+OAuthSwift.swift */,
				E796E6D01A33D719008E2939 /* Dictionary+OAuthSwift.swift */,
			);
			name = extension;
			sourceTree = "<group>";
		};
/* End PBXGroup section */

/* Begin PBXNativeTarget section */
		E762B4021A33988A00E130D7 /* SNPs */ = {
			isa = PBXNativeTarget;
			buildConfigurationList = E762B4221A33988A00E130D7 /* Build configuration list for PBXNativeTarget "SNPs" */;
			buildPhases = (
				E762B3FF1A33988A00E130D7 /* Sources */,
				E762B4001A33988A00E130D7 /* Frameworks */,
				E762B4011A33988A00E130D7 /* Resources */,
			);
			buildRules = (
			);
			dependencies = (
			);
			name = SNPs;
			productName = SNPs;
			productReference = E762B4031A33988A00E130D7 /* SNPs.app */;
			productType = "com.apple.product-type.application";
		};
		E762B4171A33988A00E130D7 /* SNPsTests */ = {
			isa = PBXNativeTarget;
			buildConfigurationList = E762B4251A33988A00E130D7 /* Build configuration list for PBXNativeTarget "SNPsTests" */;
			buildPhases = (
				E762B4141A33988A00E130D7 /* Sources */,
				E762B4151A33988A00E130D7 /* Frameworks */,
				E762B4161A33988A00E130D7 /* Resources */,
			);
			buildRules = (
			);
			dependencies = (
				E762B41A1A33988A00E130D7 /* PBXTargetDependency */,
			);
			name = SNPsTests;
			productName = SNPsTests;
			productReference = E762B4181A33988A00E130D7 /* SNPsTests.xctest */;
			productType = "com.apple.product-type.bundle.unit-test";
		};
/* End PBXNativeTarget section */

/* Begin PBXProject section */
		E762B3FB1A33988A00E130D7 /* Project object */ = {
			isa = PBXProject;
			attributes = {
				LastUpgradeCheck = 0620;
				ORGANIZATIONNAME = "Sarah Anderson";
				TargetAttributes = {
					E762B4021A33988A00E130D7 = {
						CreatedOnToolsVersion = 6.2;
						DevelopmentTeam = 9KHKFM969H;
					};
					E762B4171A33988A00E130D7 = {
						CreatedOnToolsVersion = 6.2;
						TestTargetID = E762B4021A33988A00E130D7;
					};
				};
			};
			buildConfigurationList = E762B3FE1A33988A00E130D7 /* Build configuration list for PBXProject "SNPs" */;
			compatibilityVersion = "Xcode 3.2";
			developmentRegion = English;
			hasScannedForEncodings = 0;
			knownRegions = (
				en,
				Base,
			);
			mainGroup = E762B3FA1A33988A00E130D7;
			productRefGroup = E762B4041A33988A00E130D7 /* Products */;
			projectDirPath = "";
			projectRoot = "";
			targets = (
				E762B4021A33988A00E130D7 /* SNPs */,
				E762B4171A33988A00E130D7 /* SNPsTests */,
			);
		};
/* End PBXProject section */

/* Begin PBXResourcesBuildPhase section */
		E762B4011A33988A00E130D7 /* Resources */ = {
			isa = PBXResourcesBuildPhase;
			buildActionMask = 2147483647;
			files = (
				E762B40E1A33988A00E130D7 /* Main.storyboard in Resources */,
				E762B4131A33988A00E130D7 /* LaunchScreen.xib in Resources */,
				E762B4101A33988A00E130D7 /* Images.xcassets in Resources */,
			);
			runOnlyForDeploymentPostprocessing = 0;
		};
		E762B4161A33988A00E130D7 /* Resources */ = {
			isa = PBXResourcesBuildPhase;
			buildActionMask = 2147483647;
			files = (
			);
			runOnlyForDeploymentPostprocessing = 0;
		};
/* End PBXResourcesBuildPhase section */

/* Begin PBXSourcesBuildPhase section */
		E762B3FF1A33988A00E130D7 /* Sources */ = {
			isa = PBXSourcesBuildPhase;
			buildActionMask = 2147483647;
			files = (
				E796E6D51A33D72E008E2939 /* String+OAuthSwift.swift in Sources */,
				E796E6CE1A33D6BA008E2939 /* OAuthSwiftHTTPRequest.swift in Sources */,
				E7A4EE2D1A36657000895A46 /* Genotypes.swift in Sources */,
				E762B40B1A33988A00E130D7 /* ViewController.swift in Sources */,
				E7A4EE2B1A36350C00895A46 /* SwiftyJSON.swift in Sources */,
				E796E6D31A33D723008E2939 /* NSURL+OAuthSwift.swift in Sources */,
				E7A4EE2F1A366DAB00895A46 /* GeneData.swift in Sources */,
				E762B4091A33988A00E130D7 /* AppDelegate.swift in Sources */,
				E796E6C61A33D5EE008E2939 /* OAuth2Swift.swift in Sources */,
				E796E6C81A33D618008E2939 /* Constants.swift in Sources */,
				E796E6D11A33D719008E2939 /* Dictionary+OAuthSwift.swift in Sources */,
				E796E6DA1A33D772008E2939 /* HMACSHA1Signature.m in Sources */,
				E796E6CC1A33D660008E2939 /* OAuthSwiftCredential.swift in Sources */,
				E796E6CA1A33D643008E2939 /* OAuthSwiftClient.swift in Sources */,
			);
			runOnlyForDeploymentPostprocessing = 0;
		};
		E762B4141A33988A00E130D7 /* Sources */ = {
			isa = PBXSourcesBuildPhase;
			buildActionMask = 2147483647;
			files = (
				E762B41F1A33988A00E130D7 /* SNPsTests.swift in Sources */,
			);
			runOnlyForDeploymentPostprocessing = 0;
		};
/* End PBXSourcesBuildPhase section */

/* Begin PBXTargetDependency section */
		E762B41A1A33988A00E130D7 /* PBXTargetDependency */ = {
			isa = PBXTargetDependency;
			target = E762B4021A33988A00E130D7 /* SNPs */;
			targetProxy = E762B4191A33988A00E130D7 /* PBXContainerItemProxy */;
		};
/* End PBXTargetDependency section */

/* Begin PBXVariantGroup section */
		E762B40C1A33988A00E130D7 /* Main.storyboard */ = {
			isa = PBXVariantGroup;
			children = (
				E762B40D1A33988A00E130D7 /* Base */,
			);
			name = Main.storyboard;
			sourceTree = "<group>";
		};
		E762B4111A33988A00E130D7 /* LaunchScreen.xib */ = {
			isa = PBXVariantGroup;
			children = (
				E762B4121A33988A00E130D7 /* Base */,
			);
			name = LaunchScreen.xib;
			sourceTree = "<group>";
		};
/* End PBXVariantGroup section */

/* Begin XCBuildConfiguration section */
		E762B4201A33988A00E130D7 /* Debug */ = {
			isa = XCBuildConfiguration;
			buildSettings = {
				ALWAYS_SEARCH_USER_PATHS = NO;
				CLANG_CXX_LANGUAGE_STANDARD = "gnu++0x";
				CLANG_CXX_LIBRARY = "libc++";
				CLANG_ENABLE_MODULES = YES;
				CLANG_ENABLE_OBJC_ARC = YES;
				CLANG_WARN_BOOL_CONVERSION = YES;
				CLANG_WARN_CONSTANT_CONVERSION = YES;
				CLANG_WARN_DIRECT_OBJC_ISA_USAGE = YES_ERROR;
				CLANG_WARN_EMPTY_BODY = YES;
				CLANG_WARN_ENUM_CONVERSION = YES;
				CLANG_WARN_INT_CONVERSION = YES;
				CLANG_WARN_OBJC_ROOT_CLASS = YES_ERROR;
				CLANG_WARN_UNREACHABLE_CODE = YES;
				CLANG_WARN__DUPLICATE_METHOD_MATCH = YES;
				"CODE_SIGN_IDENTITY[sdk=iphoneos*]" = "iPhone Developer";
				COPY_PHASE_STRIP = NO;
				ENABLE_STRICT_OBJC_MSGSEND = YES;
				GCC_C_LANGUAGE_STANDARD = gnu99;
				GCC_DYNAMIC_NO_PIC = NO;
				GCC_OPTIMIZATION_LEVEL = 0;
				GCC_PREPROCESSOR_DEFINITIONS = (
					"DEBUG=1",
					"$(inherited)",
				);
				GCC_SYMBOLS_PRIVATE_EXTERN = NO;
				GCC_WARN_64_TO_32_BIT_CONVERSION = YES;
				GCC_WARN_ABOUT_RETURN_TYPE = YES_ERROR;
				GCC_WARN_UNDECLARED_SELECTOR = YES;
				GCC_WARN_UNINITIALIZED_AUTOS = YES_AGGRESSIVE;
				GCC_WARN_UNUSED_FUNCTION = YES;
				GCC_WARN_UNUSED_VARIABLE = YES;
				IPHONEOS_DEPLOYMENT_TARGET = 8.0;
				MTL_ENABLE_DEBUG_INFO = YES;
				ONLY_ACTIVE_ARCH = YES;
				SDKROOT = iphoneos;
				SWIFT_OPTIMIZATION_LEVEL = "-Onone";
			};
			name = Debug;
		};
		E762B4211A33988A00E130D7 /* Release */ = {
			isa = XCBuildConfiguration;
			buildSettings = {
				ALWAYS_SEARCH_USER_PATHS = NO;
				CLANG_CXX_LANGUAGE_STANDARD = "gnu++0x";
				CLANG_CXX_LIBRARY = "libc++";
				CLANG_ENABLE_MODULES = YES;
				CLANG_ENABLE_OBJC_ARC = YES;
				CLANG_WARN_BOOL_CONVERSION = YES;
				CLANG_WARN_CONSTANT_CONVERSION = YES;
				CLANG_WARN_DIRECT_OBJC_ISA_USAGE = YES_ERROR;
				CLANG_WARN_EMPTY_BODY = YES;
				CLANG_WARN_ENUM_CONVERSION = YES;
				CLANG_WARN_INT_CONVERSION = YES;
				CLANG_WARN_OBJC_ROOT_CLASS = YES_ERROR;
				CLANG_WARN_UNREACHABLE_CODE = YES;
				CLANG_WARN__DUPLICATE_METHOD_MATCH = YES;
				"CODE_SIGN_IDENTITY[sdk=iphoneos*]" = "iPhone Developer";
				COPY_PHASE_STRIP = YES;
				ENABLE_NS_ASSERTIONS = NO;
				ENABLE_STRICT_OBJC_MSGSEND = YES;
				GCC_C_LANGUAGE_STANDARD = gnu99;
				GCC_WARN_64_TO_32_BIT_CONVERSION = YES;
				GCC_WARN_ABOUT_RETURN_TYPE = YES_ERROR;
				GCC_WARN_UNDECLARED_SELECTOR = YES;
				GCC_WARN_UNINITIALIZED_AUTOS = YES_AGGRESSIVE;
				GCC_WARN_UNUSED_FUNCTION = YES;
				GCC_WARN_UNUSED_VARIABLE = YES;
				IPHONEOS_DEPLOYMENT_TARGET = 8.0;
				MTL_ENABLE_DEBUG_INFO = NO;
				SDKROOT = iphoneos;
				VALIDATE_PRODUCT = YES;
			};
			name = Release;
		};
		E762B4231A33988A00E130D7 /* Debug */ = {
			isa = XCBuildConfiguration;
			buildSettings = {
				ASSETCATALOG_COMPILER_APPICON_NAME = AppIcon;
				CLANG_ENABLE_MODULES = YES;
				CODE_SIGN_IDENTITY = "iPhone Developer";
				INFOPLIST_FILE = SNPs/Info.plist;
				IPHONEOS_DEPLOYMENT_TARGET = 8.0;
				LD_RUNPATH_SEARCH_PATHS = "$(inherited) @executable_path/Frameworks";
				PRODUCT_NAME = "$(TARGET_NAME)";
				SWIFT_OBJC_BRIDGING_HEADER = "SNPs/SNPs-Bridging-Header.h";
				SWIFT_OPTIMIZATION_LEVEL = "-Onone";
			};
			name = Debug;
		};
		E762B4241A33988A00E130D7 /* Release */ = {
			isa = XCBuildConfiguration;
			buildSettings = {
				ASSETCATALOG_COMPILER_APPICON_NAME = AppIcon;
				CLANG_ENABLE_MODULES = YES;
				CODE_SIGN_IDENTITY = "iPhone Developer";
				INFOPLIST_FILE = SNPs/Info.plist;
				IPHONEOS_DEPLOYMENT_TARGET = 8.0;
				LD_RUNPATH_SEARCH_PATHS = "$(inherited) @executable_path/Frameworks";
				PRODUCT_NAME = "$(TARGET_NAME)";
				SWIFT_OBJC_BRIDGING_HEADER = "SNPs/SNPs-Bridging-Header.h";
			};
			name = Release;
		};
		E762B4261A33988A00E130D7 /* Debug */ = {
			isa = XCBuildConfiguration;
			buildSettings = {
				BUNDLE_LOADER = "$(TEST_HOST)";
				FRAMEWORK_SEARCH_PATHS = (
					"$(SDKROOT)/Developer/Library/Frameworks",
					"$(inherited)",
				);
				GCC_PREPROCESSOR_DEFINITIONS = (
					"DEBUG=1",
					"$(inherited)",
				);
				INFOPLIST_FILE = SNPsTests/Info.plist;
				IPHONEOS_DEPLOYMENT_TARGET = 8.0;
				LD_RUNPATH_SEARCH_PATHS = "$(inherited) @executable_path/Frameworks @loader_path/Frameworks";
				PRODUCT_NAME = "$(TARGET_NAME)";
				TEST_HOST = "$(BUILT_PRODUCTS_DIR)/SNPs.app/SNPs";
			};
			name = Debug;
		};
		E762B4271A33988A00E130D7 /* Release */ = {
			isa = XCBuildConfiguration;
			buildSettings = {
				BUNDLE_LOADER = "$(TEST_HOST)";
				FRAMEWORK_SEARCH_PATHS = (
					"$(SDKROOT)/Developer/Library/Frameworks",
					"$(inherited)",
				);
				INFOPLIST_FILE = SNPsTests/Info.plist;
				IPHONEOS_DEPLOYMENT_TARGET = 8.0;
				LD_RUNPATH_SEARCH_PATHS = "$(inherited) @executable_path/Frameworks @loader_path/Frameworks";
				PRODUCT_NAME = "$(TARGET_NAME)";
				TEST_HOST = "$(BUILT_PRODUCTS_DIR)/SNPs.app/SNPs";
			};
			name = Release;
		};
/* End XCBuildConfiguration section */

/* Begin XCConfigurationList section */
		E762B3FE1A33988A00E130D7 /* Build configuration list for PBXProject "SNPs" */ = {
			isa = XCConfigurationList;
			buildConfigurations = (
				E762B4201A33988A00E130D7 /* Debug */,
				E762B4211A33988A00E130D7 /* Release */,
			);
			defaultConfigurationIsVisible = 0;
			defaultConfigurationName = Release;
		};
		E762B4221A33988A00E130D7 /* Build configuration list for PBXNativeTarget "SNPs" */ = {
			isa = XCConfigurationList;
			buildConfigurations = (
				E762B4231A33988A00E130D7 /* Debug */,
				E762B4241A33988A00E130D7 /* Release */,
			);
			defaultConfigurationIsVisible = 0;
			defaultConfigurationName = Release;
		};
		E762B4251A33988A00E130D7 /* Build configuration list for PBXNativeTarget "SNPsTests" */ = {
			isa = XCConfigurationList;
			buildConfigurations = (
				E762B4261A33988A00E130D7 /* Debug */,
				E762B4271A33988A00E130D7 /* Release */,
			);
			defaultConfigurationIsVisible = 0;
			defaultConfigurationName = Release;
		};
/* End XCConfigurationList section */
	};
	rootObject = E762B3FB1A33988A00E130D7 /* Project object */;
}
